// !$*UTF8*$!
{
	archiveVersion = 1;
	classes = {
	};
	objectVersion = 56;
	objects = {

/* Begin PBXBuildFile section */
		EF2D69D92C073D4800959D73 /* EffectiveMobileTestApp.swift in Sources */ = {isa = PBXBuildFile; fileRef = EF2D69D82C073D4800959D73 /* EffectiveMobileTestApp.swift */; };
		EF2D69DB2C073D4800959D73 /* ContentView.swift in Sources */ = {isa = PBXBuildFile; fileRef = EF2D69DA2C073D4800959D73 /* ContentView.swift */; };
		EF2D69DD2C073D4B00959D73 /* Assets.xcassets in Resources */ = {isa = PBXBuildFile; fileRef = EF2D69DC2C073D4B00959D73 /* Assets.xcassets */; };
		EF2D69E02C073D4B00959D73 /* Preview Assets.xcassets in Resources */ = {isa = PBXBuildFile; fileRef = EF2D69DF2C073D4B00959D73 /* Preview Assets.xcassets */; };
		EF2D69E72C08438600959D73 /* MainView.swift in Sources */ = {isa = PBXBuildFile; fileRef = EF2D69E62C08438600959D73 /* MainView.swift */; };
		EF2D69EF2C084F4A00959D73 /* FontStyles.swift in Sources */ = {isa = PBXBuildFile; fileRef = EF2D69EE2C084F4A00959D73 /* FontStyles.swift */; };
		EF2D69FD2C08580500959D73 /* Coordinator.swift in Sources */ = {isa = PBXBuildFile; fileRef = EF2D69FC2C08580500959D73 /* Coordinator.swift */; };
		EF2D69FF2C085DAA00959D73 /* AviaView.swift in Sources */ = {isa = PBXBuildFile; fileRef = EF2D69FE2C085DAA00959D73 /* AviaView.swift */; };
		EF2D6A012C085E2A00959D73 /* CustomTextField.swift in Sources */ = {isa = PBXBuildFile; fileRef = EF2D6A002C085E2A00959D73 /* CustomTextField.swift */; };
		EF2D6A032C08619000959D73 /* PlaceholderView.swift in Sources */ = {isa = PBXBuildFile; fileRef = EF2D6A022C08619000959D73 /* PlaceholderView.swift */; };
		EF2D6A052C0861D000959D73 /* ModalSearchView.swift in Sources */ = {isa = PBXBuildFile; fileRef = EF2D6A042C0861D000959D73 /* ModalSearchView.swift */; };
/* End PBXBuildFile section */

/* Begin PBXFileReference section */
		EF2D69D52C073D4800959D73 /* EffectiveMobileTest.app */ = {isa = PBXFileReference; explicitFileType = wrapper.application; includeInIndex = 0; path = EffectiveMobileTest.app; sourceTree = BUILT_PRODUCTS_DIR; };
		EF2D69D82C073D4800959D73 /* EffectiveMobileTestApp.swift */ = {isa = PBXFileReference; lastKnownFileType = sourcecode.swift; path = EffectiveMobileTestApp.swift; sourceTree = "<group>"; };
		EF2D69DA2C073D4800959D73 /* ContentView.swift */ = {isa = PBXFileReference; lastKnownFileType = sourcecode.swift; path = ContentView.swift; sourceTree = "<group>"; };
		EF2D69DC2C073D4B00959D73 /* Assets.xcassets */ = {isa = PBXFileReference; lastKnownFileType = folder.assetcatalog; path = Assets.xcassets; sourceTree = "<group>"; };
		EF2D69DF2C073D4B00959D73 /* Preview Assets.xcassets */ = {isa = PBXFileReference; lastKnownFileType = folder.assetcatalog; path = "Preview Assets.xcassets"; sourceTree = "<group>"; };
		EF2D69E62C08438600959D73 /* MainView.swift */ = {isa = PBXFileReference; lastKnownFileType = sourcecode.swift; path = MainView.swift; sourceTree = "<group>"; };
		EF2D69EE2C084F4A00959D73 /* FontStyles.swift */ = {isa = PBXFileReference; lastKnownFileType = sourcecode.swift; path = FontStyles.swift; sourceTree = "<group>"; };
		EF2D69FC2C08580500959D73 /* Coordinator.swift */ = {isa = PBXFileReference; lastKnownFileType = sourcecode.swift; path = Coordinator.swift; sourceTree = "<group>"; };
		EF2D69FE2C085DAA00959D73 /* AviaView.swift */ = {isa = PBXFileReference; lastKnownFileType = sourcecode.swift; path = AviaView.swift; sourceTree = "<group>"; };
		EF2D6A002C085E2A00959D73 /* CustomTextField.swift */ = {isa = PBXFileReference; lastKnownFileType = sourcecode.swift; path = CustomTextField.swift; sourceTree = "<group>"; };
		EF2D6A022C08619000959D73 /* PlaceholderView.swift */ = {isa = PBXFileReference; lastKnownFileType = sourcecode.swift; path = PlaceholderView.swift; sourceTree = "<group>"; };
		EF2D6A042C0861D000959D73 /* ModalSearchView.swift */ = {isa = PBXFileReference; lastKnownFileType = sourcecode.swift; path = ModalSearchView.swift; sourceTree = "<group>"; };
/* End PBXFileReference section */

/* Begin PBXFrameworksBuildPhase section */
		EF2D69D22C073D4800959D73 /* Frameworks */ = {
			isa = PBXFrameworksBuildPhase;
			buildActionMask = 2147483647;
			files = (
			);
			runOnlyForDeploymentPostprocessing = 0;
		};
/* End PBXFrameworksBuildPhase section */

/* Begin PBXGroup section */
		EF2D69CC2C073D4800959D73 = {
			isa = PBXGroup;
			children = (
				EF2D69D72C073D4800959D73 /* EffectiveMobileTest */,
				EF2D69D62C073D4800959D73 /* Products */,
			);
			sourceTree = "<group>";
		};
		EF2D69D62C073D4800959D73 /* Products */ = {
			isa = PBXGroup;
			children = (
				EF2D69D52C073D4800959D73 /* EffectiveMobileTest.app */,
			);
			name = Products;
			sourceTree = "<group>";
		};
		EF2D69D72C073D4800959D73 /* EffectiveMobileTest */ = {
			isa = PBXGroup;
			children = (
				EF2D69FB2C0857EF00959D73 /* Coordinator */,
				EF2D69D82C073D4800959D73 /* EffectiveMobileTestApp.swift */,
				EF2D69FA2C08548E00959D73 /* Views */,
				EF2D69F02C0851C000959D73 /* Component */,
				EF2D69F12C0851D600959D73 /* Utility */,
				EF2D69DC2C073D4B00959D73 /* Assets.xcassets */,
				EF2D69DE2C073D4B00959D73 /* Preview Content */,
			);
			path = EffectiveMobileTest;
			sourceTree = "<group>";
		};
		EF2D69DE2C073D4B00959D73 /* Preview Content */ = {
			isa = PBXGroup;
			children = (
				EF2D69DF2C073D4B00959D73 /* Preview Assets.xcassets */,
			);
			path = "Preview Content";
			sourceTree = "<group>";
		};
		EF2D69F02C0851C000959D73 /* Component */ = {
			isa = PBXGroup;
			children = (
				EF2D6A002C085E2A00959D73 /* CustomTextField.swift */,
				EF2D6A022C08619000959D73 /* PlaceholderView.swift */,
			);
			path = Component;
			sourceTree = "<group>";
		};
		EF2D69F12C0851D600959D73 /* Utility */ = {
			isa = PBXGroup;
			children = (
				EF2D69EE2C084F4A00959D73 /* FontStyles.swift */,
			);
			path = Utility;
			sourceTree = "<group>";
		};
		EF2D69FA2C08548E00959D73 /* Views */ = {
			isa = PBXGroup;
			children = (
				EF2D69DA2C073D4800959D73 /* ContentView.swift */,
				EF2D69E62C08438600959D73 /* MainView.swift */,
				EF2D69FE2C085DAA00959D73 /* AviaView.swift */,
				EF2D6A042C0861D000959D73 /* ModalSearchView.swift */,
			);
			path = Views;
			sourceTree = "<group>";
		};
		EF2D69FB2C0857EF00959D73 /* Coordinator */ = {
			isa = PBXGroup;
			children = (
				EF2D69FC2C08580500959D73 /* Coordinator.swift */,
			);
			path = Coordinator;
			sourceTree = "<group>";
		};
/* End PBXGroup section */

/* Begin PBXNativeTarget section */
		EF2D69D42C073D4800959D73 /* EffectiveMobileTest */ = {
			isa = PBXNativeTarget;
			buildConfigurationList = EF2D69E32C073D4B00959D73 /* Build configuration list for PBXNativeTarget "EffectiveMobileTest" */;
			buildPhases = (
				EF2D69D12C073D4800959D73 /* Sources */,
				EF2D69D22C073D4800959D73 /* Frameworks */,
				EF2D69D32C073D4800959D73 /* Resources */,
			);
			buildRules = (
			);
			dependencies = (
			);
			name = EffectiveMobileTest;
			productName = EffectiveMobileTest;
			productReference = EF2D69D52C073D4800959D73 /* EffectiveMobileTest.app */;
			productType = "com.apple.product-type.application";
		};
/* End PBXNativeTarget section */

/* Begin PBXProject section */
		EF2D69CD2C073D4800959D73 /* Project object */ = {
			isa = PBXProject;
			attributes = {
				BuildIndependentTargetsInParallel = 1;
				LastSwiftUpdateCheck = 1540;
				LastUpgradeCheck = 1540;
				TargetAttributes = {
					EF2D69D42C073D4800959D73 = {
						CreatedOnToolsVersion = 15.4;
					};
				};
			};
			buildConfigurationList = EF2D69D02C073D4800959D73 /* Build configuration list for PBXProject "EffectiveMobileTest" */;
			compatibilityVersion = "Xcode 14.0";
			developmentRegion = en;
			hasScannedForEncodings = 0;
			knownRegions = (
				en,
				Base,
			);
			mainGroup = EF2D69CC2C073D4800959D73;
			productRefGroup = EF2D69D62C073D4800959D73 /* Products */;
			projectDirPath = "";
			projectRoot = "";
			targets = (
				EF2D69D42C073D4800959D73 /* EffectiveMobileTest */,
			);
		};
/* End PBXProject section */

/* Begin PBXResourcesBuildPhase section */
		EF2D69D32C073D4800959D73 /* Resources */ = {
			isa = PBXResourcesBuildPhase;
			buildActionMask = 2147483647;
			files = (
				EF2D69E02C073D4B00959D73 /* Preview Assets.xcassets in Resources */,
				EF2D69DD2C073D4B00959D73 /* Assets.xcassets in Resources */,
			);
			runOnlyForDeploymentPostprocessing = 0;
		};
/* End PBXResourcesBuildPhase section */

/* Begin PBXSourcesBuildPhase section */
		EF2D69D12C073D4800959D73 /* Sources */ = {
			isa = PBXSourcesBuildPhase;
			buildActionMask = 2147483647;
			files = (
				EF2D6A012C085E2A00959D73 /* CustomTextField.swift in Sources */,
				EF2D69DB2C073D4800959D73 /* ContentView.swift in Sources */,
				EF2D69FF2C085DAA00959D73 /* AviaView.swift in Sources */,
				EF2D69E72C08438600959D73 /* MainView.swift in Sources */,
				EF2D69FD2C08580500959D73 /* Coordinator.swift in Sources */,
				EF2D69EF2C084F4A00959D73 /* FontStyles.swift in Sources */,
				EF2D6A032C08619000959D73 /* PlaceholderView.swift in Sources */,
				EF2D6A052C0861D000959D73 /* ModalSearchView.swift in Sources */,
				EF2D69D92C073D4800959D73 /* EffectiveMobileTestApp.swift in Sources */,
			);
			runOnlyForDeploymentPostprocessing = 0;
		};
/* End PBXSourcesBuildPhase section */

/* Begin XCBuildConfiguration section */
		EF2D69E12C073D4B00959D73 /* Debug */ = {
			isa = XCBuildConfiguration;
			buildSettings = {
				ALWAYS_SEARCH_USER_PATHS = NO;
				ASSETCATALOG_COMPILER_GENERATE_SWIFT_ASSET_SYMBOL_EXTENSIONS = YES;
				CLANG_ANALYZER_NONNULL = YES;
				CLANG_ANALYZER_NUMBER_OBJECT_CONVERSION = YES_AGGRESSIVE;
				CLANG_CXX_LANGUAGE_STANDARD = "gnu++20";
				CLANG_ENABLE_MODULES = YES;
				CLANG_ENABLE_OBJC_ARC = YES;
				CLANG_ENABLE_OBJC_WEAK = YES;
				CLANG_WARN_BLOCK_CAPTURE_AUTORELEASING = YES;
				CLANG_WARN_BOOL_CONVERSION = YES;
				CLANG_WARN_COMMA = YES;
				CLANG_WARN_CONSTANT_CONVERSION = YES;
				CLANG_WARN_DEPRECATED_OBJC_IMPLEMENTATIONS = YES;
				CLANG_WARN_DIRECT_OBJC_ISA_USAGE = YES_ERROR;
				CLANG_WARN_DOCUMENTATION_COMMENTS = YES;
				CLANG_WARN_EMPTY_BODY = YES;
				CLANG_WARN_ENUM_CONVERSION = YES;
				CLANG_WARN_INFINITE_RECURSION = YES;
				CLANG_WARN_INT_CONVERSION = YES;
				CLANG_WARN_NON_LITERAL_NULL_CONVERSION = YES;
				CLANG_WARN_OBJC_IMPLICIT_RETAIN_SELF = YES;
				CLANG_WARN_OBJC_LITERAL_CONVERSION = YES;
				CLANG_WARN_OBJC_ROOT_CLASS = YES_ERROR;
				CLANG_WARN_QUOTED_INCLUDE_IN_FRAMEWORK_HEADER = YES;
				CLANG_WARN_RANGE_LOOP_ANALYSIS = YES;
				CLANG_WARN_STRICT_PROTOTYPES = YES;
				CLANG_WARN_SUSPICIOUS_MOVE = YES;
				CLANG_WARN_UNGUARDED_AVAILABILITY = YES_AGGRESSIVE;
				CLANG_WARN_UNREACHABLE_CODE = YES;
				CLANG_WARN__DUPLICATE_METHOD_MATCH = YES;
				COPY_PHASE_STRIP = NO;
				DEBUG_INFORMATION_FORMAT = dwarf;
				ENABLE_STRICT_OBJC_MSGSEND = YES;
				ENABLE_TESTABILITY = YES;
				ENABLE_USER_SCRIPT_SANDBOXING = YES;
				GCC_C_LANGUAGE_STANDARD = gnu17;
				GCC_DYNAMIC_NO_PIC = NO;
				GCC_NO_COMMON_BLOCKS = YES;
				GCC_OPTIMIZATION_LEVEL = 0;
				GCC_PREPROCESSOR_DEFINITIONS = (
					"DEBUG=1",
					"$(inherited)",
				);
				GCC_WARN_64_TO_32_BIT_CONVERSION = YES;
				GCC_WARN_ABOUT_RETURN_TYPE = YES_ERROR;
				GCC_WARN_UNDECLARED_SELECTOR = YES;
				GCC_WARN_UNINITIALIZED_AUTOS = YES_AGGRESSIVE;
				GCC_WARN_UNUSED_FUNCTION = YES;
				GCC_WARN_UNUSED_VARIABLE = YES;
				IPHONEOS_DEPLOYMENT_TARGET = 17.5;
				LOCALIZATION_PREFERS_STRING_CATALOGS = YES;
				MTL_ENABLE_DEBUG_INFO = INCLUDE_SOURCE;
				MTL_FAST_MATH = YES;
				ONLY_ACTIVE_ARCH = YES;
				SDKROOT = iphoneos;
				SWIFT_ACTIVE_COMPILATION_CONDITIONS = "DEBUG $(inherited)";
				SWIFT_OPTIMIZATION_LEVEL = "-Onone";
			};
			name = Debug;
		};
		EF2D69E22C073D4B00959D73 /* Release */ = {
			isa = XCBuildConfiguration;
			buildSettings = {
				ALWAYS_SEARCH_USER_PATHS = NO;
				ASSETCATALOG_COMPILER_GENERATE_SWIFT_ASSET_SYMBOL_EXTENSIONS = YES;
				CLANG_ANALYZER_NONNULL = YES;
				CLANG_ANALYZER_NUMBER_OBJECT_CONVERSION = YES_AGGRESSIVE;
				CLANG_CXX_LANGUAGE_STANDARD = "gnu++20";
				CLANG_ENABLE_MODULES = YES;
				CLANG_ENABLE_OBJC_ARC = YES;
				CLANG_ENABLE_OBJC_WEAK = YES;
				CLANG_WARN_BLOCK_CAPTURE_AUTORELEASING = YES;
				CLANG_WARN_BOOL_CONVERSION = YES;
				CLANG_WARN_COMMA = YES;
				CLANG_WARN_CONSTANT_CONVERSION = YES;
				CLANG_WARN_DEPRECATED_OBJC_IMPLEMENTATIONS = YES;
				CLANG_WARN_DIRECT_OBJC_ISA_USAGE = YES_ERROR;
				CLANG_WARN_DOCUMENTATION_COMMENTS = YES;
				CLANG_WARN_EMPTY_BODY = YES;
				CLANG_WARN_ENUM_CONVERSION = YES;
				CLANG_WARN_INFINITE_RECURSION = YES;
				CLANG_WARN_INT_CONVERSION = YES;
				CLANG_WARN_NON_LITERAL_NULL_CONVERSION = YES;
				CLANG_WARN_OBJC_IMPLICIT_RETAIN_SELF = YES;
				CLANG_WARN_OBJC_LITERAL_CONVERSION = YES;
				CLANG_WARN_OBJC_ROOT_CLASS = YES_ERROR;
				CLANG_WARN_QUOTED_INCLUDE_IN_FRAMEWORK_HEADER = YES;
				CLANG_WARN_RANGE_LOOP_ANALYSIS = YES;
				CLANG_WARN_STRICT_PROTOTYPES = YES;
				CLANG_WARN_SUSPICIOUS_MOVE = YES;
				CLANG_WARN_UNGUARDED_AVAILABILITY = YES_AGGRESSIVE;
				CLANG_WARN_UNREACHABLE_CODE = YES;
				CLANG_WARN__DUPLICATE_METHOD_MATCH = YES;
				COPY_PHASE_STRIP = NO;
				DEBUG_INFORMATION_FORMAT = "dwarf-with-dsym";
				ENABLE_NS_ASSERTIONS = NO;
				ENABLE_STRICT_OBJC_MSGSEND = YES;
				ENABLE_USER_SCRIPT_SANDBOXING = YES;
				GCC_C_LANGUAGE_STANDARD = gnu17;
				GCC_NO_COMMON_BLOCKS = YES;
				GCC_WARN_64_TO_32_BIT_CONVERSION = YES;
				GCC_WARN_ABOUT_RETURN_TYPE = YES_ERROR;
				GCC_WARN_UNDECLARED_SELECTOR = YES;
				GCC_WARN_UNINITIALIZED_AUTOS = YES_AGGRESSIVE;
				GCC_WARN_UNUSED_FUNCTION = YES;
				GCC_WARN_UNUSED_VARIABLE = YES;
				IPHONEOS_DEPLOYMENT_TARGET = 17.5;
				LOCALIZATION_PREFERS_STRING_CATALOGS = YES;
				MTL_ENABLE_DEBUG_INFO = NO;
				MTL_FAST_MATH = YES;
				SDKROOT = iphoneos;
				SWIFT_COMPILATION_MODE = wholemodule;
				VALIDATE_PRODUCT = YES;
			};
			name = Release;
		};
		EF2D69E42C073D4B00959D73 /* Debug */ = {
			isa = XCBuildConfiguration;
			buildSettings = {
				ASSETCATALOG_COMPILER_APPICON_NAME = AppIcon;
				ASSETCATALOG_COMPILER_GLOBAL_ACCENT_COLOR_NAME = AccentColor;
				CODE_SIGN_STYLE = Automatic;
				CURRENT_PROJECT_VERSION = 1;
				DEVELOPMENT_ASSET_PATHS = "\"EffectiveMobileTest/Preview Content\"";
				DEVELOPMENT_TEAM = A38548G3Y3;
				ENABLE_PREVIEWS = YES;
				GENERATE_INFOPLIST_FILE = YES;
				INFOPLIST_KEY_UIApplicationSceneManifest_Generation = YES;
				INFOPLIST_KEY_UIApplicationSupportsIndirectInputEvents = YES;
				INFOPLIST_KEY_UILaunchScreen_Generation = YES;
				INFOPLIST_KEY_UISupportedInterfaceOrientations_iPad = "UIInterfaceOrientationPortrait UIInterfaceOrientationPortraitUpsideDown UIInterfaceOrientationLandscapeLeft UIInterfaceOrientationLandscapeRight";
				INFOPLIST_KEY_UISupportedInterfaceOrientations_iPhone = "UIInterfaceOrientationPortrait UIInterfaceOrientationLandscapeLeft UIInterfaceOrientationLandscapeRight";
				LD_RUNPATH_SEARCH_PATHS = (
					"$(inherited)",
					"@executable_path/Frameworks",
				);
				MARKETING_VERSION = 1.0;
				PRODUCT_BUNDLE_IDENTIFIER = com.idontknowwhatimdoing.EffectiveMobileTest;
				PRODUCT_NAME = "$(TARGET_NAME)";
				SWIFT_EMIT_LOC_STRINGS = YES;
				SWIFT_VERSION = 5.0;
				TARGETED_DEVICE_FAMILY = "1,2";
			};
			name = Debug;
		};
		EF2D69E52C073D4B00959D73 /* Release */ = {
			isa = XCBuildConfiguration;
			buildSettings = {
				ASSETCATALOG_COMPILER_APPICON_NAME = AppIcon;
				ASSETCATALOG_COMPILER_GLOBAL_ACCENT_COLOR_NAME = AccentColor;
				CODE_SIGN_STYLE = Automatic;
				CURRENT_PROJECT_VERSION = 1;
				DEVELOPMENT_ASSET_PATHS = "\"EffectiveMobileTest/Preview Content\"";
				DEVELOPMENT_TEAM = A38548G3Y3;
				ENABLE_PREVIEWS = YES;
				GENERATE_INFOPLIST_FILE = YES;
				INFOPLIST_KEY_UIApplicationSceneManifest_Generation = YES;
				INFOPLIST_KEY_UIApplicationSupportsIndirectInputEvents = YES;
				INFOPLIST_KEY_UILaunchScreen_Generation = YES;
				INFOPLIST_KEY_UISupportedInterfaceOrientations_iPad = "UIInterfaceOrientationPortrait UIInterfaceOrientationPortraitUpsideDown UIInterfaceOrientationLandscapeLeft UIInterfaceOrientationLandscapeRight";
				INFOPLIST_KEY_UISupportedInterfaceOrientations_iPhone = "UIInterfaceOrientationPortrait UIInterfaceOrientationLandscapeLeft UIInterfaceOrientationLandscapeRight";
				LD_RUNPATH_SEARCH_PATHS = (
					"$(inherited)",
					"@executable_path/Frameworks",
				);
				MARKETING_VERSION = 1.0;
				PRODUCT_BUNDLE_IDENTIFIER = com.idontknowwhatimdoing.EffectiveMobileTest;
				PRODUCT_NAME = "$(TARGET_NAME)";
				SWIFT_EMIT_LOC_STRINGS = YES;
				SWIFT_VERSION = 5.0;
				TARGETED_DEVICE_FAMILY = "1,2";
			};
			name = Release;
		};
/* End XCBuildConfiguration section */

/* Begin XCConfigurationList section */
		EF2D69D02C073D4800959D73 /* Build configuration list for PBXProject "EffectiveMobileTest" */ = {
			isa = XCConfigurationList;
			buildConfigurations = (
				EF2D69E12C073D4B00959D73 /* Debug */,
				EF2D69E22C073D4B00959D73 /* Release */,
			);
			defaultConfigurationIsVisible = 0;
			defaultConfigurationName = Release;
		};
		EF2D69E32C073D4B00959D73 /* Build configuration list for PBXNativeTarget "EffectiveMobileTest" */ = {
			isa = XCConfigurationList;
			buildConfigurations = (
				EF2D69E42C073D4B00959D73 /* Debug */,
				EF2D69E52C073D4B00959D73 /* Release */,
			);
			defaultConfigurationIsVisible = 0;
			defaultConfigurationName = Release;
		};
/* End XCConfigurationList section */
	};
	rootObject = EF2D69CD2C073D4800959D73 /* Project object */;
}
